
Microsoft Visual Studio Solution File, Format Version 12.00
# Visual Studio Version 16
VisualStudioVersion = 16.0.30503.244
MinimumVisualStudioVersion = 10.0.40219.1
Project("{FAE04EC0-301F-11D3-BF4B-00C04F79EFBC}") = "NordVPN-RPC", "NordVPN-RPC\NordVPN-RPC.csproj", "{EA9FAB3C-FFCA-4E66-9B46-F6C61ECCB619}"
EndProject
Global
	GlobalSection(SolutionConfigurationPlatforms) = preSolution
		Debug|Any CPU = Debug|Any CPU
		Release|Any CPU = Release|Any CPU
	EndGlobalSection
	GlobalSection(ProjectConfigurationPlatforms) = postSolution
		{EA9FAB3C-FFCA-4E66-9B46-F6C61ECCB619}.Debug|Any CPU.ActiveCfg = Debug|Any CPU
		{EA9FAB3C-FFCA-4E66-9B46-F6C61ECCB619}.Debug|Any CPU.Build.0 = Debug|Any CPU
		{EA9FAB3C-FFCA-4E66-9B46-F6C61ECCB619}.Release|Any CPU.ActiveCfg = Release|Any CPU
		{EA9FAB3C-FFCA-4E66-9B46-F6C61ECCB619}.Release|Any CPU.Build.0 = Release|Any CPU
	EndGlobalSection
	GlobalSection(SolutionProperties) = preSolution
		HideSolutionNode = FALSE
	EndGlobalSection
	GlobalSection(ExtensibilityGlobals) = postSolution
		SolutionGuid = {42356EC2-62EF-4396-A293-F92FDDCD05B2}
	EndGlobalSection
EndGlobal
